
Microsoft Visual Studio Solution File, Format Version 12.00
Project("{2150E333-8FDC-42A3-9474-1A3956D46DE8}") = "Services", "Services", "{351CF746-0CDD-4164-8292-5B8AF397038E}"
EndProject
Project("{2150E333-8FDC-42A3-9474-1A3956D46DE8}") = "Catalog", "Catalog", "{1E08C649-6E24-4024-9B9E-4B4CF6690828}"
EndProject
Project("{FAE04EC0-301F-11D3-BF4B-00C04F79EFBC}") = "Catalog.API", "Services\Catalog\Catalog.API\Catalog.API.csproj", "{77B2D342-4BDE-4268-8616-9153667219DC}"
EndProject
Project("{FAE04EC0-301F-11D3-BF4B-00C04F79EFBC}") = "Catalog.Application", "Services\Catalog\Catalog.Application\Catalog.Application.csproj", "{63FB52E6-B5CD-479C-B665-7CBCCF248631}"
EndProject
Project("{FAE04EC0-301F-11D3-BF4B-00C04F79EFBC}") = "Catalog.Core", "Services\Catalog\Catalog.Core\Catalog.Core.csproj", "{1D10A4B1-C50D-4B98-A787-6C95704926CB}"
EndProject
Project("{FAE04EC0-301F-11D3-BF4B-00C04F79EFBC}") = "Catalog.Infrastructure", "Services\Catalog\Catalog.Infrastructure\Catalog.Infrastructure.csproj", "{B2FF239D-6718-4048-B97F-09F66E63A5D4}"
EndProject
Project("{E53339B2-1760-4266-BCC7-CA923CBCF16C}") = "docker-compose", "docker-compose.dcproj", "{A92412CF-0A07-452C-9DCF-EF3F436F8FA8}"
EndProject
Project("{2150E333-8FDC-42A3-9474-1A3956D46DE8}") = "Basket", "Basket", "{71D736CB-02FE-41C6-B07A-27BA182C97BA}"
EndProject
Project("{FAE04EC0-301F-11D3-BF4B-00C04F79EFBC}") = "Basket.Application", "Services\Basket\Basket.Application\Basket.Application.csproj", "{A0F34C04-BFEA-46AD-B605-AE3A8E02EC09}"
EndProject
Project("{FAE04EC0-301F-11D3-BF4B-00C04F79EFBC}") = "Basket.Infrastructure", "Services\Basket\Basket.Infrastructure\Basket.Infrastructure.csproj", "{B5EE465B-3848-4929-BED4-E4509209F2C5}"
EndProject
Project("{FAE04EC0-301F-11D3-BF4B-00C04F79EFBC}") = "Basket.Core", "Services\Basket\Basket.Core\Basket.Core.csproj", "{9D189C73-869E-44EE-8904-E2C527CCB31E}"
EndProject
Project("{FAE04EC0-301F-11D3-BF4B-00C04F79EFBC}") = "Basket.API", "Services\Basket\Basket.API\Basket.API.csproj", "{942BFB06-4496-4098-942F-38618D087AF4}"
EndProject
Global
	GlobalSection(SolutionConfigurationPlatforms) = preSolution
		Debug|Any CPU = Debug|Any CPU
		Release|Any CPU = Release|Any CPU
	EndGlobalSection
	GlobalSection(NestedProjects) = preSolution
		{1E08C649-6E24-4024-9B9E-4B4CF6690828} = {351CF746-0CDD-4164-8292-5B8AF397038E}
		{77B2D342-4BDE-4268-8616-9153667219DC} = {1E08C649-6E24-4024-9B9E-4B4CF6690828}
		{63FB52E6-B5CD-479C-B665-7CBCCF248631} = {1E08C649-6E24-4024-9B9E-4B4CF6690828}
		{1D10A4B1-C50D-4B98-A787-6C95704926CB} = {1E08C649-6E24-4024-9B9E-4B4CF6690828}
		{B2FF239D-6718-4048-B97F-09F66E63A5D4} = {1E08C649-6E24-4024-9B9E-4B4CF6690828}
		{71D736CB-02FE-41C6-B07A-27BA182C97BA} = {351CF746-0CDD-4164-8292-5B8AF397038E}
		{A0F34C04-BFEA-46AD-B605-AE3A8E02EC09} = {71D736CB-02FE-41C6-B07A-27BA182C97BA}
		{B5EE465B-3848-4929-BED4-E4509209F2C5} = {71D736CB-02FE-41C6-B07A-27BA182C97BA}
		{9D189C73-869E-44EE-8904-E2C527CCB31E} = {71D736CB-02FE-41C6-B07A-27BA182C97BA}
		{942BFB06-4496-4098-942F-38618D087AF4} = {71D736CB-02FE-41C6-B07A-27BA182C97BA}
	EndGlobalSection
	GlobalSection(ProjectConfigurationPlatforms) = postSolution
		{77B2D342-4BDE-4268-8616-9153667219DC}.Debug|Any CPU.ActiveCfg = Debug|Any CPU
		{77B2D342-4BDE-4268-8616-9153667219DC}.Debug|Any CPU.Build.0 = Debug|Any CPU
		{77B2D342-4BDE-4268-8616-9153667219DC}.Release|Any CPU.ActiveCfg = Release|Any CPU
		{77B2D342-4BDE-4268-8616-9153667219DC}.Release|Any CPU.Build.0 = Release|Any CPU
		{63FB52E6-B5CD-479C-B665-7CBCCF248631}.Debug|Any CPU.ActiveCfg = Debug|Any CPU
		{63FB52E6-B5CD-479C-B665-7CBCCF248631}.Debug|Any CPU.Build.0 = Debug|Any CPU
		{63FB52E6-B5CD-479C-B665-7CBCCF248631}.Release|Any CPU.ActiveCfg = Release|Any CPU
		{63FB52E6-B5CD-479C-B665-7CBCCF248631}.Release|Any CPU.Build.0 = Release|Any CPU
		{1D10A4B1-C50D-4B98-A787-6C95704926CB}.Debug|Any CPU.ActiveCfg = Debug|Any CPU
		{1D10A4B1-C50D-4B98-A787-6C95704926CB}.Debug|Any CPU.Build.0 = Debug|Any CPU
		{1D10A4B1-C50D-4B98-A787-6C95704926CB}.Release|Any CPU.ActiveCfg = Release|Any CPU
		{1D10A4B1-C50D-4B98-A787-6C95704926CB}.Release|Any CPU.Build.0 = Release|Any CPU
		{B2FF239D-6718-4048-B97F-09F66E63A5D4}.Debug|Any CPU.ActiveCfg = Debug|Any CPU
		{B2FF239D-6718-4048-B97F-09F66E63A5D4}.Debug|Any CPU.Build.0 = Debug|Any CPU
		{B2FF239D-6718-4048-B97F-09F66E63A5D4}.Release|Any CPU.ActiveCfg = Release|Any CPU
		{B2FF239D-6718-4048-B97F-09F66E63A5D4}.Release|Any CPU.Build.0 = Release|Any CPU
		{A0F34C04-BFEA-46AD-B605-AE3A8E02EC09}.Debug|Any CPU.ActiveCfg = Debug|Any CPU
		{A0F34C04-BFEA-46AD-B605-AE3A8E02EC09}.Debug|Any CPU.Build.0 = Debug|Any CPU
		{A0F34C04-BFEA-46AD-B605-AE3A8E02EC09}.Release|Any CPU.ActiveCfg = Release|Any CPU
		{A0F34C04-BFEA-46AD-B605-AE3A8E02EC09}.Release|Any CPU.Build.0 = Release|Any CPU
		{B5EE465B-3848-4929-BED4-E4509209F2C5}.Debug|Any CPU.ActiveCfg = Debug|Any CPU
		{B5EE465B-3848-4929-BED4-E4509209F2C5}.Debug|Any CPU.Build.0 = Debug|Any CPU
		{B5EE465B-3848-4929-BED4-E4509209F2C5}.Release|Any CPU.ActiveCfg = Release|Any CPU
		{B5EE465B-3848-4929-BED4-E4509209F2C5}.Release|Any CPU.Build.0 = Release|Any CPU
		{9D189C73-869E-44EE-8904-E2C527CCB31E}.Debug|Any CPU.ActiveCfg = Debug|Any CPU
		{9D189C73-869E-44EE-8904-E2C527CCB31E}.Debug|Any CPU.Build.0 = Debug|Any CPU
		{9D189C73-869E-44EE-8904-E2C527CCB31E}.Release|Any CPU.ActiveCfg = Release|Any CPU
		{9D189C73-869E-44EE-8904-E2C527CCB31E}.Release|Any CPU.Build.0 = Release|Any CPU
		{942BFB06-4496-4098-942F-38618D087AF4}.Debug|Any CPU.ActiveCfg = Debug|Any CPU
		{942BFB06-4496-4098-942F-38618D087AF4}.Debug|Any CPU.Build.0 = Debug|Any CPU
		{942BFB06-4496-4098-942F-38618D087AF4}.Release|Any CPU.ActiveCfg = Release|Any CPU
		{942BFB06-4496-4098-942F-38618D087AF4}.Release|Any CPU.Build.0 = Release|Any CPU
	EndGlobalSection
EndGlobal
